// !$*UTF8*$!
{
	archiveVersion = 1;
	classes = {
	};
	objectVersion = 56;
	objects = {

/* Begin PBXBuildFile section */
		F405B6572DE61789003136D0 /* SplashViewController.swift in Sources */ = {isa = PBXBuildFile; fileRef = F405B6562DE61789003136D0 /* SplashViewController.swift */; };
		F405B65B2DE9AE13003136D0 /* WebKit.framework in Frameworks */ = {isa = PBXBuildFile; fileRef = F405B65A2DE9AE13003136D0 /* WebKit.framework */; settings = {ATTRIBUTES = (Required, ); }; };
		F405B65D2DE9B60B003136D0 /* OAuthTokenResponseBody.swift in Sources */ = {isa = PBXBuildFile; fileRef = F405B65C2DE9B60B003136D0 /* OAuthTokenResponseBody.swift */; };
		F405B65F2DE9B7CC003136D0 /* HTTPMethodsEnum.swift in Sources */ = {isa = PBXBuildFile; fileRef = F405B65E2DE9B7CC003136D0 /* HTTPMethodsEnum.swift */; };
		F405B6622DEF5817003136D0 /* ProgressHUD in Frameworks */ = {isa = PBXBuildFile; productRef = F405B6612DEF5817003136D0 /* ProgressHUD */; };
		F405B6642DF62857003136D0 /* WebViewViewController_Ext1.swift in Sources */ = {isa = PBXBuildFile; fileRef = F405B6632DF62857003136D0 /* WebViewViewController_Ext1.swift */; };
		F405B6662DF7680B003136D0 /* Enums.swift in Sources */ = {isa = PBXBuildFile; fileRef = F405B6652DF7680B003136D0 /* Enums.swift */; };
		F405B66B2DF848B2003136D0 /* UIBlockingProgressHUD.swift in Sources */ = {isa = PBXBuildFile; fileRef = F405B66A2DF848B2003136D0 /* UIBlockingProgressHUD.swift */; };
		F405B66D2DF86FCB003136D0 /* ProfileService.swift in Sources */ = {isa = PBXBuildFile; fileRef = F405B66C2DF86FCB003136D0 /* ProfileService.swift */; };
		F405B66F2DF8CCCC003136D0 /* SplashViewController_Ext1.swift in Sources */ = {isa = PBXBuildFile; fileRef = F405B66E2DF8CCCC003136D0 /* SplashViewController_Ext1.swift */; };
		F405B6712DF8D329003136D0 /* SplashScreenCallsCounter.swift in Sources */ = {isa = PBXBuildFile; fileRef = F405B6702DF8D329003136D0 /* SplashScreenCallsCounter.swift */; };
		F405B6732DF99513003136D0 /* ProfileImageService.swift in Sources */ = {isa = PBXBuildFile; fileRef = F405B6722DF99513003136D0 /* ProfileImageService.swift */; };
		F405B6762DFB64C9003136D0 /* Kingfisher in Frameworks */ = {isa = PBXBuildFile; productRef = F405B6752DFB64C9003136D0 /* Kingfisher */; };
		F405B6792DFD83CA003136D0 /* SwiftKeychainWrapper in Frameworks */ = {isa = PBXBuildFile; productRef = F405B6782DFD83CA003136D0 /* SwiftKeychainWrapper */; };
		F405B67B2DFDA115003136D0 /* TabBarController.swift in Sources */ = {isa = PBXBuildFile; fileRef = F405B67A2DFDA115003136D0 /* TabBarController.swift */; };
		F40E58512DBE8A2300E823F9 /* ImagesListCell.swift in Sources */ = {isa = PBXBuildFile; fileRef = F40E58502DBE8A2300E823F9 /* ImagesListCell.swift */; };
		F41ACCE82DBD36F50088AB89 /* AppDelegate.swift in Sources */ = {isa = PBXBuildFile; fileRef = F41ACCE72DBD36F50088AB89 /* AppDelegate.swift */; };
		F41ACCEA2DBD36F50088AB89 /* SceneDelegate.swift in Sources */ = {isa = PBXBuildFile; fileRef = F41ACCE92DBD36F50088AB89 /* SceneDelegate.swift */; };
		F41ACCEC2DBD36F50088AB89 /* ImagesListViewController.swift in Sources */ = {isa = PBXBuildFile; fileRef = F41ACCEB2DBD36F50088AB89 /* ImagesListViewController.swift */; };
		F41ACCEF2DBD36F50088AB89 /* Main.storyboard in Resources */ = {isa = PBXBuildFile; fileRef = F41ACCED2DBD36F50088AB89 /* Main.storyboard */; };
		F41ACCF12DBD36F60088AB89 /* Assets.xcassets in Resources */ = {isa = PBXBuildFile; fileRef = F41ACCF02DBD36F60088AB89 /* Assets.xcassets */; };
		F41ACCF42DBD36F60088AB89 /* LaunchScreen.storyboard in Resources */ = {isa = PBXBuildFile; fileRef = F41ACCF22DBD36F60088AB89 /* LaunchScreen.storyboard */; };
		F451258A2DE3BC59006FBD09 /* OAuth2Service.swift in Sources */ = {isa = PBXBuildFile; fileRef = F45125892DE3BC59006FBD09 /* OAuth2Service.swift */; };
		F451258C2DE3C844006FBD09 /* URLSession+data.swift in Sources */ = {isa = PBXBuildFile; fileRef = F451258B2DE3C844006FBD09 /* URLSession+data.swift */; };
		F451258E2DE4B9F7006FBD09 /* OAuth2TokenStorage.swift in Sources */ = {isa = PBXBuildFile; fileRef = F451258D2DE4B9F7006FBD09 /* OAuth2TokenStorage.swift */; };
		F47AD0A52DC93CC500FEC6F7 /* ProfileViewController.swift in Sources */ = {isa = PBXBuildFile; fileRef = F47AD0A42DC93CC500FEC6F7 /* ProfileViewController.swift */; };
		F4A1E7E92DDF8A5A003A5EC7 /* Constants.swift in Sources */ = {isa = PBXBuildFile; fileRef = F4A1E7E82DDF8A5A003A5EC7 /* Constants.swift */; };
		F4A1E7EB2DE34F2D003A5EC7 /* AuthViewController.swift in Sources */ = {isa = PBXBuildFile; fileRef = F4A1E7EA2DE34F2D003A5EC7 /* AuthViewController.swift */; };
		F4A1E7EE2DE350A7003A5EC7 /* WebViewViewController.swift in Sources */ = {isa = PBXBuildFile; fileRef = F4A1E7ED2DE350A7003A5EC7 /* WebViewViewController.swift */; };
		F4E2A2852DCA36CA00E1324E /* SingleImageViewController.swift in Sources */ = {isa = PBXBuildFile; fileRef = F4E2A2842DCA36CA00E1324E /* SingleImageViewController.swift */; };
/* End PBXBuildFile section */

/* Begin PBXFileReference section */
		F405B6562DE61789003136D0 /* SplashViewController.swift */ = {isa = PBXFileReference; lastKnownFileType = sourcecode.swift; path = SplashViewController.swift; sourceTree = "<group>"; };
		F405B65A2DE9AE13003136D0 /* WebKit.framework */ = {isa = PBXFileReference; lastKnownFileType = wrapper.framework; name = WebKit.framework; path = System/Library/Frameworks/WebKit.framework; sourceTree = SDKROOT; };
		F405B65C2DE9B60B003136D0 /* OAuthTokenResponseBody.swift */ = {isa = PBXFileReference; lastKnownFileType = sourcecode.swift; path = OAuthTokenResponseBody.swift; sourceTree = "<group>"; };
		F405B65E2DE9B7CC003136D0 /* HTTPMethodsEnum.swift */ = {isa = PBXFileReference; lastKnownFileType = sourcecode.swift; path = HTTPMethodsEnum.swift; sourceTree = "<group>"; };
		F405B6632DF62857003136D0 /* WebViewViewController_Ext1.swift */ = {isa = PBXFileReference; lastKnownFileType = sourcecode.swift; path = WebViewViewController_Ext1.swift; sourceTree = "<group>"; };
		F405B6652DF7680B003136D0 /* Enums.swift */ = {isa = PBXFileReference; lastKnownFileType = sourcecode.swift; path = Enums.swift; sourceTree = "<group>"; };
		F405B66A2DF848B2003136D0 /* UIBlockingProgressHUD.swift */ = {isa = PBXFileReference; lastKnownFileType = sourcecode.swift; path = UIBlockingProgressHUD.swift; sourceTree = "<group>"; };
		F405B66C2DF86FCB003136D0 /* ProfileService.swift */ = {isa = PBXFileReference; lastKnownFileType = sourcecode.swift; path = ProfileService.swift; sourceTree = "<group>"; };
		F405B66E2DF8CCCC003136D0 /* SplashViewController_Ext1.swift */ = {isa = PBXFileReference; lastKnownFileType = sourcecode.swift; path = SplashViewController_Ext1.swift; sourceTree = "<group>"; };
		F405B6702DF8D329003136D0 /* SplashScreenCallsCounter.swift */ = {isa = PBXFileReference; lastKnownFileType = sourcecode.swift; path = SplashScreenCallsCounter.swift; sourceTree = "<group>"; };
		F405B6722DF99513003136D0 /* ProfileImageService.swift */ = {isa = PBXFileReference; lastKnownFileType = sourcecode.swift; path = ProfileImageService.swift; sourceTree = "<group>"; };
		F405B67A2DFDA115003136D0 /* TabBarController.swift */ = {isa = PBXFileReference; lastKnownFileType = sourcecode.swift; path = TabBarController.swift; sourceTree = "<group>"; };
		F405B67C2DFDED1D003136D0 /* QuestionsToReviewer.md */ = {isa = PBXFileReference; lastKnownFileType = net.daringfireball.markdown; path = QuestionsToReviewer.md; sourceTree = "<group>"; };
		F405B67D2DFE0B75003136D0 /* sprint11_Checklist.md */ = {isa = PBXFileReference; lastKnownFileType = net.daringfireball.markdown; path = sprint11_Checklist.md; sourceTree = "<group>"; };
		F40E58502DBE8A2300E823F9 /* ImagesListCell.swift */ = {isa = PBXFileReference; lastKnownFileType = sourcecode.swift; path = ImagesListCell.swift; sourceTree = "<group>"; };
		F41ACCE42DBD36F50088AB89 /* imageFeed.app */ = {isa = PBXFileReference; explicitFileType = wrapper.application; includeInIndex = 0; path = imageFeed.app; sourceTree = BUILT_PRODUCTS_DIR; };
		F41ACCE72DBD36F50088AB89 /* AppDelegate.swift */ = {isa = PBXFileReference; lastKnownFileType = sourcecode.swift; path = AppDelegate.swift; sourceTree = "<group>"; };
		F41ACCE92DBD36F50088AB89 /* SceneDelegate.swift */ = {isa = PBXFileReference; lastKnownFileType = sourcecode.swift; path = SceneDelegate.swift; sourceTree = "<group>"; };
		F41ACCEB2DBD36F50088AB89 /* ImagesListViewController.swift */ = {isa = PBXFileReference; lastKnownFileType = sourcecode.swift; path = ImagesListViewController.swift; sourceTree = "<group>"; };
		F41ACCEE2DBD36F50088AB89 /* Base */ = {isa = PBXFileReference; lastKnownFileType = file.storyboard; name = Base; path = Base.lproj/Main.storyboard; sourceTree = "<group>"; };
		F41ACCF02DBD36F60088AB89 /* Assets.xcassets */ = {isa = PBXFileReference; lastKnownFileType = folder.assetcatalog; path = Assets.xcassets; sourceTree = "<group>"; };
		F41ACCF32DBD36F60088AB89 /* Base */ = {isa = PBXFileReference; lastKnownFileType = file.storyboard; name = Base; path = Base.lproj/LaunchScreen.storyboard; sourceTree = "<group>"; };
		F41ACCF52DBD36F60088AB89 /* Info.plist */ = {isa = PBXFileReference; lastKnownFileType = text.plist.xml; path = Info.plist; sourceTree = "<group>"; };
		F45125892DE3BC59006FBD09 /* OAuth2Service.swift */ = {isa = PBXFileReference; lastKnownFileType = sourcecode.swift; path = OAuth2Service.swift; sourceTree = "<group>"; };
		F451258B2DE3C844006FBD09 /* URLSession+data.swift */ = {isa = PBXFileReference; lastKnownFileType = sourcecode.swift; path = "URLSession+data.swift"; sourceTree = "<group>"; };
		F451258D2DE4B9F7006FBD09 /* OAuth2TokenStorage.swift */ = {isa = PBXFileReference; lastKnownFileType = sourcecode.swift; path = OAuth2TokenStorage.swift; sourceTree = "<group>"; };
		F47AD0A42DC93CC500FEC6F7 /* ProfileViewController.swift */ = {isa = PBXFileReference; lastKnownFileType = sourcecode.swift; path = ProfileViewController.swift; sourceTree = "<group>"; };
		F4A1E7E82DDF8A5A003A5EC7 /* Constants.swift */ = {isa = PBXFileReference; lastKnownFileType = sourcecode.swift; path = Constants.swift; sourceTree = "<group>"; };
		F4A1E7EA2DE34F2D003A5EC7 /* AuthViewController.swift */ = {isa = PBXFileReference; lastKnownFileType = sourcecode.swift; path = AuthViewController.swift; sourceTree = "<group>"; };
		F4A1E7ED2DE350A7003A5EC7 /* WebViewViewController.swift */ = {isa = PBXFileReference; lastKnownFileType = sourcecode.swift; path = WebViewViewController.swift; sourceTree = "<group>"; };
		F4E2A2842DCA36CA00E1324E /* SingleImageViewController.swift */ = {isa = PBXFileReference; lastKnownFileType = sourcecode.swift; path = SingleImageViewController.swift; sourceTree = "<group>"; };
/* End PBXFileReference section */

/* Begin PBXFrameworksBuildPhase section */
		F41ACCE12DBD36F50088AB89 /* Frameworks */ = {
			isa = PBXFrameworksBuildPhase;
			buildActionMask = 2147483647;
			files = (
				F405B6762DFB64C9003136D0 /* Kingfisher in Frameworks */,
				F405B65B2DE9AE13003136D0 /* WebKit.framework in Frameworks */,
				F405B6792DFD83CA003136D0 /* SwiftKeychainWrapper in Frameworks */,
				F405B6622DEF5817003136D0 /* ProgressHUD in Frameworks */,
			);
			runOnlyForDeploymentPostprocessing = 0;
		};
/* End PBXFrameworksBuildPhase section */

/* Begin PBXGroup section */
		F405B6582DE61794003136D0 /* SplashViewController */ = {
			isa = PBXGroup;
			children = (
				F405B6562DE61789003136D0 /* SplashViewController.swift */,
				F405B66E2DF8CCCC003136D0 /* SplashViewController_Ext1.swift */,
				F405B6702DF8D329003136D0 /* SplashScreenCallsCounter.swift */,
			);
			path = SplashViewController;
			sourceTree = "<group>";
		};
		F405B6592DE9AE13003136D0 /* Frameworks */ = {
			isa = PBXGroup;
			children = (
				F405B65A2DE9AE13003136D0 /* WebKit.framework */,
			);
			name = Frameworks;
			sourceTree = "<group>";
		};
		F405B6672DF769F5003136D0 /* !Project_Notes */ = {
			isa = PBXGroup;
			children = (
				F405B67C2DFDED1D003136D0 /* QuestionsToReviewer.md */,
				F405B67D2DFE0B75003136D0 /* sprint11_Checklist.md */,
			);
			path = "!Project_Notes";
			sourceTree = "<group>";
		};
		F40E58522DBE8A8600E823F9 /* ImagesList */ = {
			isa = PBXGroup;
			children = (
				F41ACCEB2DBD36F50088AB89 /* ImagesListViewController.swift */,
				F40E58502DBE8A2300E823F9 /* ImagesListCell.swift */,
			);
			path = ImagesList;
			sourceTree = "<group>";
		};
		F4161B292DCA97E7007D22EC /* SingleImageView */ = {
			isa = PBXGroup;
			children = (
				F4E2A2842DCA36CA00E1324E /* SingleImageViewController.swift */,
			);
			path = SingleImageView;
			sourceTree = "<group>";
		};
		F41ACCDB2DBD36F50088AB89 = {
			isa = PBXGroup;
			children = (
				F41ACCE62DBD36F50088AB89 /* imageFeed */,
				F41ACCE52DBD36F50088AB89 /* Products */,
				F405B6592DE9AE13003136D0 /* Frameworks */,
			);
			sourceTree = "<group>";
		};
		F41ACCE52DBD36F50088AB89 /* Products */ = {
			isa = PBXGroup;
			children = (
				F41ACCE42DBD36F50088AB89 /* imageFeed.app */,
			);
			name = Products;
			sourceTree = "<group>";
		};
		F41ACCE62DBD36F50088AB89 /* imageFeed */ = {
			isa = PBXGroup;
			children = (
				F405B6672DF769F5003136D0 /* !Project_Notes */,
				F41ACCE72DBD36F50088AB89 /* AppDelegate.swift */,
				F41ACCE92DBD36F50088AB89 /* SceneDelegate.swift */,
				F4A1E7E82DDF8A5A003A5EC7 /* Constants.swift */,
				F405B6652DF7680B003136D0 /* Enums.swift */,
				F405B65E2DE9B7CC003136D0 /* HTTPMethodsEnum.swift */,
				F4A1E7EC2DE34F8F003A5EC7 /* Auth */,
				F405B6582DE61794003136D0 /* SplashViewController */,
				F47AD0A62DC93CD500FEC6F7 /* Profile */,
				F40E58522DBE8A8600E823F9 /* ImagesList */,
				F4161B292DCA97E7007D22EC /* SingleImageView */,
				F41ACCED2DBD36F50088AB89 /* Main.storyboard */,
				F41ACCF02DBD36F60088AB89 /* Assets.xcassets */,
				F41ACCF22DBD36F60088AB89 /* LaunchScreen.storyboard */,
				F41ACCF52DBD36F60088AB89 /* Info.plist */,
				F405B66A2DF848B2003136D0 /* UIBlockingProgressHUD.swift */,
				F405B67A2DFDA115003136D0 /* TabBarController.swift */,
			);
			path = imageFeed;
			sourceTree = "<group>";
		};
		F47AD0A62DC93CD500FEC6F7 /* Profile */ = {
			isa = PBXGroup;
			children = (
				F47AD0A42DC93CC500FEC6F7 /* ProfileViewController.swift */,
				F405B66C2DF86FCB003136D0 /* ProfileService.swift */,
				F405B6722DF99513003136D0 /* ProfileImageService.swift */,
			);
			path = Profile;
			sourceTree = "<group>";
		};
		F4A1E7EC2DE34F8F003A5EC7 /* Auth */ = {
			isa = PBXGroup;
			children = (
				F4A1E7EA2DE34F2D003A5EC7 /* AuthViewController.swift */,
				F4A1E7ED2DE350A7003A5EC7 /* WebViewViewController.swift */,
				F405B6632DF62857003136D0 /* WebViewViewController_Ext1.swift */,
				F45125892DE3BC59006FBD09 /* OAuth2Service.swift */,
				F451258B2DE3C844006FBD09 /* URLSession+data.swift */,
				F451258D2DE4B9F7006FBD09 /* OAuth2TokenStorage.swift */,
				F405B65C2DE9B60B003136D0 /* OAuthTokenResponseBody.swift */,
			);
			path = Auth;
			sourceTree = "<group>";
		};
/* End PBXGroup section */

/* Begin PBXNativeTarget section */
		F41ACCE32DBD36F50088AB89 /* imageFeed */ = {
			isa = PBXNativeTarget;
			buildConfigurationList = F41ACCF82DBD36F60088AB89 /* Build configuration list for PBXNativeTarget "imageFeed" */;
			buildPhases = (
				F41ACCE02DBD36F50088AB89 /* Sources */,
				F41ACCE12DBD36F50088AB89 /* Frameworks */,
				F41ACCE22DBD36F50088AB89 /* Resources */,
			);
			buildRules = (
			);
			dependencies = (
			);
			name = imageFeed;
			packageProductDependencies = (
				F405B6612DEF5817003136D0 /* ProgressHUD */,
				F405B6752DFB64C9003136D0 /* Kingfisher */,
				F405B6782DFD83CA003136D0 /* SwiftKeychainWrapper */,
			);
			productName = imageFeed;
			productReference = F41ACCE42DBD36F50088AB89 /* imageFeed.app */;
			productType = "com.apple.product-type.application";
		};
/* End PBXNativeTarget section */

/* Begin PBXProject section */
		F41ACCDC2DBD36F50088AB89 /* Project object */ = {
			isa = PBXProject;
			attributes = {
				BuildIndependentTargetsInParallel = 1;
				LastSwiftUpdateCheck = 1520;
				LastUpgradeCheck = 1520;
				TargetAttributes = {
					F41ACCE32DBD36F50088AB89 = {
						CreatedOnToolsVersion = 15.2;
					};
				};
			};
			buildConfigurationList = F41ACCDF2DBD36F50088AB89 /* Build configuration list for PBXProject "imageFeed" */;
			compatibilityVersion = "Xcode 14.0";
			developmentRegion = en;
			hasScannedForEncodings = 0;
			knownRegions = (
				en,
				Base,
			);
			mainGroup = F41ACCDB2DBD36F50088AB89;
			packageReferences = (
				F405B6602DEF5817003136D0 /* XCRemoteSwiftPackageReference "ProgressHUD" */,
				F405B6742DFB64C9003136D0 /* XCRemoteSwiftPackageReference "Kingfisher" */,
				F405B6772DFD83CA003136D0 /* XCRemoteSwiftPackageReference "SwiftKeychainWrapper" */,
			);
			productRefGroup = F41ACCE52DBD36F50088AB89 /* Products */;
			projectDirPath = "";
			projectRoot = "";
			targets = (
				F41ACCE32DBD36F50088AB89 /* imageFeed */,
			);
		};
/* End PBXProject section */

/* Begin PBXResourcesBuildPhase section */
		F41ACCE22DBD36F50088AB89 /* Resources */ = {
			isa = PBXResourcesBuildPhase;
			buildActionMask = 2147483647;
			files = (
				F41ACCF42DBD36F60088AB89 /* LaunchScreen.storyboard in Resources */,
				F41ACCF12DBD36F60088AB89 /* Assets.xcassets in Resources */,
				F41ACCEF2DBD36F50088AB89 /* Main.storyboard in Resources */,
			);
			runOnlyForDeploymentPostprocessing = 0;
		};
/* End PBXResourcesBuildPhase section */

/* Begin PBXSourcesBuildPhase section */
		F41ACCE02DBD36F50088AB89 /* Sources */ = {
			isa = PBXSourcesBuildPhase;
			buildActionMask = 2147483647;
			files = (
				F451258E2DE4B9F7006FBD09 /* OAuth2TokenStorage.swift in Sources */,
				F41ACCEC2DBD36F50088AB89 /* ImagesListViewController.swift in Sources */,
				F40E58512DBE8A2300E823F9 /* ImagesListCell.swift in Sources */,
				F47AD0A52DC93CC500FEC6F7 /* ProfileViewController.swift in Sources */,
				F405B65F2DE9B7CC003136D0 /* HTTPMethodsEnum.swift in Sources */,
				F405B67B2DFDA115003136D0 /* TabBarController.swift in Sources */,
				F405B6662DF7680B003136D0 /* Enums.swift in Sources */,
				F405B6642DF62857003136D0 /* WebViewViewController_Ext1.swift in Sources */,
				F41ACCE82DBD36F50088AB89 /* AppDelegate.swift in Sources */,
				F4A1E7EB2DE34F2D003A5EC7 /* AuthViewController.swift in Sources */,
				F405B6572DE61789003136D0 /* SplashViewController.swift in Sources */,
				F4A1E7E92DDF8A5A003A5EC7 /* Constants.swift in Sources */,
				F405B6732DF99513003136D0 /* ProfileImageService.swift in Sources */,
				F4E2A2852DCA36CA00E1324E /* SingleImageViewController.swift in Sources */,
				F405B6712DF8D329003136D0 /* SplashScreenCallsCounter.swift in Sources */,
				F451258C2DE3C844006FBD09 /* URLSession+data.swift in Sources */,
				F405B66F2DF8CCCC003136D0 /* SplashViewController_Ext1.swift in Sources */,
				F405B65D2DE9B60B003136D0 /* OAuthTokenResponseBody.swift in Sources */,
				F405B66D2DF86FCB003136D0 /* ProfileService.swift in Sources */,
				F4A1E7EE2DE350A7003A5EC7 /* WebViewViewController.swift in Sources */,
				F451258A2DE3BC59006FBD09 /* OAuth2Service.swift in Sources */,
				F41ACCEA2DBD36F50088AB89 /* SceneDelegate.swift in Sources */,
				F405B66B2DF848B2003136D0 /* UIBlockingProgressHUD.swift in Sources */,
			);
			runOnlyForDeploymentPostprocessing = 0;
		};
/* End PBXSourcesBuildPhase section */

/* Begin PBXVariantGroup section */
		F41ACCED2DBD36F50088AB89 /* Main.storyboard */ = {
			isa = PBXVariantGroup;
			children = (
				F41ACCEE2DBD36F50088AB89 /* Base */,
			);
			name = Main.storyboard;
			sourceTree = "<group>";
		};
		F41ACCF22DBD36F60088AB89 /* LaunchScreen.storyboard */ = {
			isa = PBXVariantGroup;
			children = (
				F41ACCF32DBD36F60088AB89 /* Base */,
			);
			name = LaunchScreen.storyboard;
			sourceTree = "<group>";
		};
/* End PBXVariantGroup section */

/* Begin XCBuildConfiguration section */
		F41ACCF62DBD36F60088AB89 /* Debug */ = {
			isa = XCBuildConfiguration;
			buildSettings = {
				ALWAYS_SEARCH_USER_PATHS = NO;
				ASSETCATALOG_COMPILER_GENERATE_SWIFT_ASSET_SYMBOL_EXTENSIONS = YES;
				CLANG_ANALYZER_NONNULL = YES;
				CLANG_ANALYZER_NUMBER_OBJECT_CONVERSION = YES_AGGRESSIVE;
				CLANG_CXX_LANGUAGE_STANDARD = "gnu++20";
				CLANG_ENABLE_MODULES = YES;
				CLANG_ENABLE_OBJC_ARC = YES;
				CLANG_ENABLE_OBJC_WEAK = YES;
				CLANG_WARN_BLOCK_CAPTURE_AUTORELEASING = YES;
				CLANG_WARN_BOOL_CONVERSION = YES;
				CLANG_WARN_COMMA = YES;
				CLANG_WARN_CONSTANT_CONVERSION = YES;
				CLANG_WARN_DEPRECATED_OBJC_IMPLEMENTATIONS = YES;
				CLANG_WARN_DIRECT_OBJC_ISA_USAGE = YES_ERROR;
				CLANG_WARN_DOCUMENTATION_COMMENTS = YES;
				CLANG_WARN_EMPTY_BODY = YES;
				CLANG_WARN_ENUM_CONVERSION = YES;
				CLANG_WARN_INFINITE_RECURSION = YES;
				CLANG_WARN_INT_CONVERSION = YES;
				CLANG_WARN_NON_LITERAL_NULL_CONVERSION = YES;
				CLANG_WARN_OBJC_IMPLICIT_RETAIN_SELF = YES;
				CLANG_WARN_OBJC_LITERAL_CONVERSION = YES;
				CLANG_WARN_OBJC_ROOT_CLASS = YES_ERROR;
				CLANG_WARN_QUOTED_INCLUDE_IN_FRAMEWORK_HEADER = YES;
				CLANG_WARN_RANGE_LOOP_ANALYSIS = YES;
				CLANG_WARN_STRICT_PROTOTYPES = YES;
				CLANG_WARN_SUSPICIOUS_MOVE = YES;
				CLANG_WARN_UNGUARDED_AVAILABILITY = YES_AGGRESSIVE;
				CLANG_WARN_UNREACHABLE_CODE = YES;
				CLANG_WARN__DUPLICATE_METHOD_MATCH = YES;
				COPY_PHASE_STRIP = NO;
				DEBUG_INFORMATION_FORMAT = dwarf;
				ENABLE_STRICT_OBJC_MSGSEND = YES;
				ENABLE_TESTABILITY = YES;
				ENABLE_USER_SCRIPT_SANDBOXING = YES;
				GCC_C_LANGUAGE_STANDARD = gnu17;
				GCC_DYNAMIC_NO_PIC = NO;
				GCC_NO_COMMON_BLOCKS = YES;
				GCC_OPTIMIZATION_LEVEL = 0;
				GCC_PREPROCESSOR_DEFINITIONS = (
					"DEBUG=1",
					"$(inherited)",
				);
				GCC_WARN_64_TO_32_BIT_CONVERSION = YES;
				GCC_WARN_ABOUT_RETURN_TYPE = YES_ERROR;
				GCC_WARN_UNDECLARED_SELECTOR = YES;
				GCC_WARN_UNINITIALIZED_AUTOS = YES_AGGRESSIVE;
				GCC_WARN_UNUSED_FUNCTION = YES;
				GCC_WARN_UNUSED_VARIABLE = YES;
				IPHONEOS_DEPLOYMENT_TARGET = 14.1;
				LOCALIZATION_PREFERS_STRING_CATALOGS = YES;
				MTL_ENABLE_DEBUG_INFO = INCLUDE_SOURCE;
				MTL_FAST_MATH = YES;
				ONLY_ACTIVE_ARCH = YES;
				SDKROOT = iphoneos;
				SWIFT_ACTIVE_COMPILATION_CONDITIONS = "DEBUG $(inherited)";
				SWIFT_OPTIMIZATION_LEVEL = "-Onone";
			};
			name = Debug;
		};
		F41ACCF72DBD36F60088AB89 /* Release */ = {
			isa = XCBuildConfiguration;
			buildSettings = {
				ALWAYS_SEARCH_USER_PATHS = NO;
				ASSETCATALOG_COMPILER_GENERATE_SWIFT_ASSET_SYMBOL_EXTENSIONS = YES;
				CLANG_ANALYZER_NONNULL = YES;
				CLANG_ANALYZER_NUMBER_OBJECT_CONVERSION = YES_AGGRESSIVE;
				CLANG_CXX_LANGUAGE_STANDARD = "gnu++20";
				CLANG_ENABLE_MODULES = YES;
				CLANG_ENABLE_OBJC_ARC = YES;
				CLANG_ENABLE_OBJC_WEAK = YES;
				CLANG_WARN_BLOCK_CAPTURE_AUTORELEASING = YES;
				CLANG_WARN_BOOL_CONVERSION = YES;
				CLANG_WARN_COMMA = YES;
				CLANG_WARN_CONSTANT_CONVERSION = YES;
				CLANG_WARN_DEPRECATED_OBJC_IMPLEMENTATIONS = YES;
				CLANG_WARN_DIRECT_OBJC_ISA_USAGE = YES_ERROR;
				CLANG_WARN_DOCUMENTATION_COMMENTS = YES;
				CLANG_WARN_EMPTY_BODY = YES;
				CLANG_WARN_ENUM_CONVERSION = YES;
				CLANG_WARN_INFINITE_RECURSION = YES;
				CLANG_WARN_INT_CONVERSION = YES;
				CLANG_WARN_NON_LITERAL_NULL_CONVERSION = YES;
				CLANG_WARN_OBJC_IMPLICIT_RETAIN_SELF = YES;
				CLANG_WARN_OBJC_LITERAL_CONVERSION = YES;
				CLANG_WARN_OBJC_ROOT_CLASS = YES_ERROR;
				CLANG_WARN_QUOTED_INCLUDE_IN_FRAMEWORK_HEADER = YES;
				CLANG_WARN_RANGE_LOOP_ANALYSIS = YES;
				CLANG_WARN_STRICT_PROTOTYPES = YES;
				CLANG_WARN_SUSPICIOUS_MOVE = YES;
				CLANG_WARN_UNGUARDED_AVAILABILITY = YES_AGGRESSIVE;
				CLANG_WARN_UNREACHABLE_CODE = YES;
				CLANG_WARN__DUPLICATE_METHOD_MATCH = YES;
				COPY_PHASE_STRIP = NO;
				DEBUG_INFORMATION_FORMAT = "dwarf-with-dsym";
				ENABLE_NS_ASSERTIONS = NO;
				ENABLE_STRICT_OBJC_MSGSEND = YES;
				ENABLE_USER_SCRIPT_SANDBOXING = YES;
				GCC_C_LANGUAGE_STANDARD = gnu17;
				GCC_NO_COMMON_BLOCKS = YES;
				GCC_WARN_64_TO_32_BIT_CONVERSION = YES;
				GCC_WARN_ABOUT_RETURN_TYPE = YES_ERROR;
				GCC_WARN_UNDECLARED_SELECTOR = YES;
				GCC_WARN_UNINITIALIZED_AUTOS = YES_AGGRESSIVE;
				GCC_WARN_UNUSED_FUNCTION = YES;
				GCC_WARN_UNUSED_VARIABLE = YES;
				IPHONEOS_DEPLOYMENT_TARGET = 14.1;
				LOCALIZATION_PREFERS_STRING_CATALOGS = YES;
				MTL_ENABLE_DEBUG_INFO = NO;
				MTL_FAST_MATH = YES;
				SDKROOT = iphoneos;
				SWIFT_COMPILATION_MODE = wholemodule;
				VALIDATE_PRODUCT = YES;
			};
			name = Release;
		};
		F41ACCF92DBD36F60088AB89 /* Debug */ = {
			isa = XCBuildConfiguration;
			buildSettings = {
				ASSETCATALOG_COMPILER_APPICON_NAME = AppIcon;
				ASSETCATALOG_COMPILER_GLOBAL_ACCENT_COLOR_NAME = AccentColor;
				CODE_SIGN_STYLE = Automatic;
				CURRENT_PROJECT_VERSION = 1;
				DEVELOPMENT_TEAM = 9UXDW47296;
				GENERATE_INFOPLIST_FILE = YES;
				INFOPLIST_FILE = imageFeed/Info.plist;
				INFOPLIST_KEY_UIApplicationSupportsIndirectInputEvents = YES;
				INFOPLIST_KEY_UILaunchStoryboardName = LaunchScreen;
				INFOPLIST_KEY_UIMainStoryboardFile = Main;
				INFOPLIST_KEY_UISupportedInterfaceOrientations_iPad = "UIInterfaceOrientationPortrait UIInterfaceOrientationPortraitUpsideDown UIInterfaceOrientationLandscapeLeft UIInterfaceOrientationLandscapeRight";
				INFOPLIST_KEY_UISupportedInterfaceOrientations_iPhone = UIInterfaceOrientationPortrait;
				IPHONEOS_DEPLOYMENT_TARGET = 13.0;
				LD_RUNPATH_SEARCH_PATHS = (
					"$(inherited)",
					"@executable_path/Frameworks",
				);
				MARKETING_VERSION = 1.0;
				PRODUCT_BUNDLE_IDENTIFIER = com.damir345.imageFeed;
				PRODUCT_NAME = "$(TARGET_NAME)";
				SUPPORTED_PLATFORMS = "iphoneos iphonesimulator";
				SUPPORTS_MACCATALYST = NO;
				SWIFT_EMIT_LOC_STRINGS = YES;
				SWIFT_VERSION = 5.0;
				TARGETED_DEVICE_FAMILY = 1;
			};
			name = Debug;
		};
		F41ACCFA2DBD36F60088AB89 /* Release */ = {
			isa = XCBuildConfiguration;
			buildSettings = {
				ASSETCATALOG_COMPILER_APPICON_NAME = AppIcon;
				ASSETCATALOG_COMPILER_GLOBAL_ACCENT_COLOR_NAME = AccentColor;
				CODE_SIGN_STYLE = Automatic;
				CURRENT_PROJECT_VERSION = 1;
				DEVELOPMENT_TEAM = 9UXDW47296;
				GENERATE_INFOPLIST_FILE = YES;
				INFOPLIST_FILE = imageFeed/Info.plist;
				INFOPLIST_KEY_UIApplicationSupportsIndirectInputEvents = YES;
				INFOPLIST_KEY_UILaunchStoryboardName = LaunchScreen;
				INFOPLIST_KEY_UIMainStoryboardFile = Main;
				INFOPLIST_KEY_UISupportedInterfaceOrientations_iPad = "UIInterfaceOrientationPortrait UIInterfaceOrientationPortraitUpsideDown UIInterfaceOrientationLandscapeLeft UIInterfaceOrientationLandscapeRight";
				INFOPLIST_KEY_UISupportedInterfaceOrientations_iPhone = UIInterfaceOrientationPortrait;
				IPHONEOS_DEPLOYMENT_TARGET = 13.0;
				LD_RUNPATH_SEARCH_PATHS = (
					"$(inherited)",
					"@executable_path/Frameworks",
				);
				MARKETING_VERSION = 1.0;
				PRODUCT_BUNDLE_IDENTIFIER = com.damir345.imageFeed;
				PRODUCT_NAME = "$(TARGET_NAME)";
				SUPPORTED_PLATFORMS = "iphoneos iphonesimulator";
				SUPPORTS_MACCATALYST = NO;
				SWIFT_EMIT_LOC_STRINGS = YES;
				SWIFT_VERSION = 5.0;
				TARGETED_DEVICE_FAMILY = 1;
			};
			name = Release;
		};
/* End XCBuildConfiguration section */

/* Begin XCConfigurationList section */
		F41ACCDF2DBD36F50088AB89 /* Build configuration list for PBXProject "imageFeed" */ = {
			isa = XCConfigurationList;
			buildConfigurations = (
				F41ACCF62DBD36F60088AB89 /* Debug */,
				F41ACCF72DBD36F60088AB89 /* Release */,
			);
			defaultConfigurationIsVisible = 0;
			defaultConfigurationName = Release;
		};
		F41ACCF82DBD36F60088AB89 /* Build configuration list for PBXNativeTarget "imageFeed" */ = {
			isa = XCConfigurationList;
			buildConfigurations = (
				F41ACCF92DBD36F60088AB89 /* Debug */,
				F41ACCFA2DBD36F60088AB89 /* Release */,
			);
			defaultConfigurationIsVisible = 0;
			defaultConfigurationName = Release;
		};
/* End XCConfigurationList section */

/* Begin XCRemoteSwiftPackageReference section */
		F405B6602DEF5817003136D0 /* XCRemoteSwiftPackageReference "ProgressHUD" */ = {
			isa = XCRemoteSwiftPackageReference;
			repositoryURL = "https://github.com/relatedcode/ProgressHUD";
			requirement = {
				kind = exactVersion;
				version = 14.1.3;
			};
		};
		F405B6742DFB64C9003136D0 /* XCRemoteSwiftPackageReference "Kingfisher" */ = {
			isa = XCRemoteSwiftPackageReference;
			repositoryURL = "https://github.com/onevcat/Kingfisher";
			requirement = {
				kind = upToNextMajorVersion;
				minimumVersion = 8.3.2;
			};
		};
		F405B6772DFD83CA003136D0 /* XCRemoteSwiftPackageReference "SwiftKeychainWrapper" */ = {
			isa = XCRemoteSwiftPackageReference;
			repositoryURL = "https://github.com/jrendel/SwiftKeychainWrapper";
			requirement = {
				kind = upToNextMajorVersion;
				minimumVersion = 4.0.1;
			};
		};
/* End XCRemoteSwiftPackageReference section */

/* Begin XCSwiftPackageProductDependency section */
		F405B6612DEF5817003136D0 /* ProgressHUD */ = {
			isa = XCSwiftPackageProductDependency;
			package = F405B6602DEF5817003136D0 /* XCRemoteSwiftPackageReference "ProgressHUD" */;
			productName = ProgressHUD;
		};
		F405B6752DFB64C9003136D0 /* Kingfisher */ = {
			isa = XCSwiftPackageProductDependency;
			package = F405B6742DFB64C9003136D0 /* XCRemoteSwiftPackageReference "Kingfisher" */;
			productName = Kingfisher;
		};
		F405B6782DFD83CA003136D0 /* SwiftKeychainWrapper */ = {
			isa = XCSwiftPackageProductDependency;
			package = F405B6772DFD83CA003136D0 /* XCRemoteSwiftPackageReference "SwiftKeychainWrapper" */;
			productName = SwiftKeychainWrapper;
		};
/* End XCSwiftPackageProductDependency section */
	};
	rootObject = F41ACCDC2DBD36F50088AB89 /* Project object */;
}
